
Microsoft Visual Studio Solution File, Format Version 12.00
# Visual Studio Version 17
VisualStudioVersion = 17.11.35327.3
MinimumVisualStudioVersion = 10.0.40219.1
Project("{9A19103F-16F7-4668-BE54-9A1E7A4F7556}") = "PrintWizard", "PrintWizard.csproj", "{F2A6A9EC-8D97-468B-9744-7F8CAC4AA95A}"
EndProject
Project("{9A19103F-16F7-4668-BE54-9A1E7A4F7556}") = "PrintWizard.Desktop", "..\PrintWizard.Desktop\PrintWizard.Desktop.csproj", "{ED7284D7-92F2-470D-A57A-1C45BEBA5241}"
EndProject
Global
	GlobalSection(SolutionConfigurationPlatforms) = preSolution
		Debug|Any CPU = Debug|Any CPU
		Release|Any CPU = Release|Any CPU
	EndGlobalSection
	GlobalSection(ProjectConfigurationPlatforms) = postSolution
		{F2A6A9EC-8D97-468B-9744-7F8CAC4AA95A}.Debug|Any CPU.ActiveCfg = Debug|Any CPU
		{F2A6A9EC-8D97-468B-9744-7F8CAC4AA95A}.Debug|Any CPU.Build.0 = Debug|Any CPU
		{F2A6A9EC-8D97-468B-9744-7F8CAC4AA95A}.Release|Any CPU.ActiveCfg = Release|Any CPU
		{F2A6A9EC-8D97-468B-9744-7F8CAC4AA95A}.Release|Any CPU.Build.0 = Release|Any CPU
		{ED7284D7-92F2-470D-A57A-1C45BEBA5241}.Debug|Any CPU.ActiveCfg = Debug|Any CPU
		{ED7284D7-92F2-470D-A57A-1C45BEBA5241}.Debug|Any CPU.Build.0 = Debug|Any CPU
		{ED7284D7-92F2-470D-A57A-1C45BEBA5241}.Release|Any CPU.ActiveCfg = Release|Any CPU
		{ED7284D7-92F2-470D-A57A-1C45BEBA5241}.Release|Any CPU.Build.0 = Release|Any CPU
	EndGlobalSection
	GlobalSection(SolutionProperties) = preSolution
		HideSolutionNode = FALSE
	EndGlobalSection
	GlobalSection(ExtensibilityGlobals) = postSolution
		SolutionGuid = {5C64C719-C6C8-45B8-ADC8-3B2F8565B7AD}
	EndGlobalSection
EndGlobal
